
Microsoft Visual Studio Solution File, Format Version 12.00
# Visual Studio 15
VisualStudioVersion = 15.0.26124.0
MinimumVisualStudioVersion = 15.0.26124.0
Project("{FAE04EC0-301F-11D3-BF4B-00C04F79EFBC}") = "Domain", "Domain\Domain.csproj", "{12BF4299-3FF6-4530-BE0F-7A3C9768521B}"
EndProject
Project("{FAE04EC0-301F-11D3-BF4B-00C04F79EFBC}") = "Application", "Application\Application.csproj", "{C2C1EA5C-6DB5-48AC-90AC-57248BC656FE}"
EndProject
Project("{FAE04EC0-301F-11D3-BF4B-00C04F79EFBC}") = "Persistance", "Persistance\Persistance.csproj", "{43B320BD-68DF-4D6D-8DBB-8B1A0435D6B9}"
EndProject
Project("{FAE04EC0-301F-11D3-BF4B-00C04F79EFBC}") = "API", "API\API.csproj", "{3269EE1F-4E6C-4808-88D7-F54F56379592}"
EndProject
Global
	GlobalSection(SolutionConfigurationPlatforms) = preSolution
		Debug|Any CPU = Debug|Any CPU
		Debug|x64 = Debug|x64
		Debug|x86 = Debug|x86
		Release|Any CPU = Release|Any CPU
		Release|x64 = Release|x64
		Release|x86 = Release|x86
	EndGlobalSection
	GlobalSection(SolutionProperties) = preSolution
		HideSolutionNode = FALSE
	EndGlobalSection
	GlobalSection(ProjectConfigurationPlatforms) = postSolution
		{12BF4299-3FF6-4530-BE0F-7A3C9768521B}.Debug|Any CPU.ActiveCfg = Debug|Any CPU
		{12BF4299-3FF6-4530-BE0F-7A3C9768521B}.Debug|Any CPU.Build.0 = Debug|Any CPU
		{12BF4299-3FF6-4530-BE0F-7A3C9768521B}.Debug|x64.ActiveCfg = Debug|Any CPU
		{12BF4299-3FF6-4530-BE0F-7A3C9768521B}.Debug|x64.Build.0 = Debug|Any CPU
		{12BF4299-3FF6-4530-BE0F-7A3C9768521B}.Debug|x86.ActiveCfg = Debug|Any CPU
		{12BF4299-3FF6-4530-BE0F-7A3C9768521B}.Debug|x86.Build.0 = Debug|Any CPU
		{12BF4299-3FF6-4530-BE0F-7A3C9768521B}.Release|Any CPU.ActiveCfg = Release|Any CPU
		{12BF4299-3FF6-4530-BE0F-7A3C9768521B}.Release|Any CPU.Build.0 = Release|Any CPU
		{12BF4299-3FF6-4530-BE0F-7A3C9768521B}.Release|x64.ActiveCfg = Release|Any CPU
		{12BF4299-3FF6-4530-BE0F-7A3C9768521B}.Release|x64.Build.0 = Release|Any CPU
		{12BF4299-3FF6-4530-BE0F-7A3C9768521B}.Release|x86.ActiveCfg = Release|Any CPU
		{12BF4299-3FF6-4530-BE0F-7A3C9768521B}.Release|x86.Build.0 = Release|Any CPU
		{C2C1EA5C-6DB5-48AC-90AC-57248BC656FE}.Debug|Any CPU.ActiveCfg = Debug|Any CPU
		{C2C1EA5C-6DB5-48AC-90AC-57248BC656FE}.Debug|Any CPU.Build.0 = Debug|Any CPU
		{C2C1EA5C-6DB5-48AC-90AC-57248BC656FE}.Debug|x64.ActiveCfg = Debug|Any CPU
		{C2C1EA5C-6DB5-48AC-90AC-57248BC656FE}.Debug|x64.Build.0 = Debug|Any CPU
		{C2C1EA5C-6DB5-48AC-90AC-57248BC656FE}.Debug|x86.ActiveCfg = Debug|Any CPU
		{C2C1EA5C-6DB5-48AC-90AC-57248BC656FE}.Debug|x86.Build.0 = Debug|Any CPU
		{C2C1EA5C-6DB5-48AC-90AC-57248BC656FE}.Release|Any CPU.ActiveCfg = Release|Any CPU
		{C2C1EA5C-6DB5-48AC-90AC-57248BC656FE}.Release|Any CPU.Build.0 = Release|Any CPU
		{C2C1EA5C-6DB5-48AC-90AC-57248BC656FE}.Release|x64.ActiveCfg = Release|Any CPU
		{C2C1EA5C-6DB5-48AC-90AC-57248BC656FE}.Release|x64.Build.0 = Release|Any CPU
		{C2C1EA5C-6DB5-48AC-90AC-57248BC656FE}.Release|x86.ActiveCfg = Release|Any CPU
		{C2C1EA5C-6DB5-48AC-90AC-57248BC656FE}.Release|x86.Build.0 = Release|Any CPU
		{43B320BD-68DF-4D6D-8DBB-8B1A0435D6B9}.Debug|Any CPU.ActiveCfg = Debug|Any CPU
		{43B320BD-68DF-4D6D-8DBB-8B1A0435D6B9}.Debug|Any CPU.Build.0 = Debug|Any CPU
		{43B320BD-68DF-4D6D-8DBB-8B1A0435D6B9}.Debug|x64.ActiveCfg = Debug|Any CPU
		{43B320BD-68DF-4D6D-8DBB-8B1A0435D6B9}.Debug|x64.Build.0 = Debug|Any CPU
		{43B320BD-68DF-4D6D-8DBB-8B1A0435D6B9}.Debug|x86.ActiveCfg = Debug|Any CPU
		{43B320BD-68DF-4D6D-8DBB-8B1A0435D6B9}.Debug|x86.Build.0 = Debug|Any CPU
		{43B320BD-68DF-4D6D-8DBB-8B1A0435D6B9}.Release|Any CPU.ActiveCfg = Release|Any CPU
		{43B320BD-68DF-4D6D-8DBB-8B1A0435D6B9}.Release|Any CPU.Build.0 = Release|Any CPU
		{43B320BD-68DF-4D6D-8DBB-8B1A0435D6B9}.Release|x64.ActiveCfg = Release|Any CPU
		{43B320BD-68DF-4D6D-8DBB-8B1A0435D6B9}.Release|x64.Build.0 = Release|Any CPU
		{43B320BD-68DF-4D6D-8DBB-8B1A0435D6B9}.Release|x86.ActiveCfg = Release|Any CPU
		{43B320BD-68DF-4D6D-8DBB-8B1A0435D6B9}.Release|x86.Build.0 = Release|Any CPU
		{3269EE1F-4E6C-4808-88D7-F54F56379592}.Debug|Any CPU.ActiveCfg = Debug|Any CPU
		{3269EE1F-4E6C-4808-88D7-F54F56379592}.Debug|Any CPU.Build.0 = Debug|Any CPU
		{3269EE1F-4E6C-4808-88D7-F54F56379592}.Debug|x64.ActiveCfg = Debug|Any CPU
		{3269EE1F-4E6C-4808-88D7-F54F56379592}.Debug|x64.Build.0 = Debug|Any CPU
		{3269EE1F-4E6C-4808-88D7-F54F56379592}.Debug|x86.ActiveCfg = Debug|Any CPU
		{3269EE1F-4E6C-4808-88D7-F54F56379592}.Debug|x86.Build.0 = Debug|Any CPU
		{3269EE1F-4E6C-4808-88D7-F54F56379592}.Release|Any CPU.ActiveCfg = Release|Any CPU
		{3269EE1F-4E6C-4808-88D7-F54F56379592}.Release|Any CPU.Build.0 = Release|Any CPU
		{3269EE1F-4E6C-4808-88D7-F54F56379592}.Release|x64.ActiveCfg = Release|Any CPU
		{3269EE1F-4E6C-4808-88D7-F54F56379592}.Release|x64.Build.0 = Release|Any CPU
		{3269EE1F-4E6C-4808-88D7-F54F56379592}.Release|x86.ActiveCfg = Release|Any CPU
		{3269EE1F-4E6C-4808-88D7-F54F56379592}.Release|x86.Build.0 = Release|Any CPU
	EndGlobalSection
EndGlobal
